<Solution>
  <Configurations>
    <Platform Name="x64" />
    <Platform Name="x86" />
  </Configurations>
  <Project Path="01/01.vcxproj" Id="bd963f7c-28b0-4033-845b-bbf852ea7cb2" />
  <Project Path="02/02.vcxproj" Id="c2d32175-7336-4cf2-90b0-671fb774823c" />
  <Project Path="03/03.vcxproj" Id="d7ab15a1-ea79-4162-89a1-f22971443634" />
  <Project Path="04/04.vcxproj" Id="480a0c8f-5b00-49aa-b353-808521e86c96" />
  <Project Path="05/05.vcxproj" Id="fd2a56b9-96aa-4f25-b26f-d90a5d1f598d" />
  <Project Path="06/06.vcxproj" Id="89b48126-a517-4d7e-9e03-ea28459acaf9" />
  <Project Path="07/07.vcxproj" Id="99a3297e-6d70-4c00-b3b4-c3564356a95b" />
</Solution>
