<Solution>
  <Configurations>
    <Platform Name="x64" />
    <Platform Name="x86" />
  </Configurations>
  <Project Path="01/01.vcxproj" Id="bd963f7c-28b0-4033-845b-bbf852ea7cb2" />
  <Project Path="02/02.vcxproj" Id="c2d32175-7336-4cf2-90b0-671fb774823c" />
  <Project Path="03/03.vcxproj" Id="d7ab15a1-ea79-4162-89a1-f22971443634" />
  <Project Path="04/04.vcxproj" Id="480a0c8f-5b00-49aa-b353-808521e86c96" />
  <Project Path="05/05.vcxproj" Id="fd2a56b9-96aa-4f25-b26f-d90a5d1f598d" />
  <Project Path="06/06.vcxproj" Id="89b48126-a517-4d7e-9e03-ea28459acaf9" />
  <Project Path="07/07.vcxproj" Id="99a3297e-6d70-4c00-b3b4-c3564356a95b" />
  <Project Path="08/08.vcxproj" Id="29e6401f-a064-4ed1-8ad0-26321799bcf7" />
  <Project Path="09/09.vcxproj" Id="e0066393-2bb8-4abc-9e24-7ece5209ca73" />
  <Project Path="10/10.vcxproj" Id="b17cea11-f8d9-4bab-94d9-2272bc0d2abb" />
  <Project Path="11/11.vcxproj" Id="dea78d14-a0df-4007-8df9-69a02fbd4e48" />
  <Project Path="12/12.vcxproj" Id="5ab10a1f-5e7b-41e8-a4e0-e44d3e9937c6" />
  <Project Path="13/13.vcxproj" Id="651ce669-618f-41fe-a4ae-52612cb50703" />
  <Project Path="14_15/14_15.vcxproj" Id="5e391f80-79a9-4d35-be0a-c6433784be00" />
</Solution>
